// !$*UTF8*$!
{
	archiveVersion = 1;
	classes = {
	};
	objectVersion = 77;
	objects = {

/* Begin PBXBuildFile section */
		15E946562CDCE27800B1D84B /* Preview Assets.xcassets in Resources */ = {isa = PBXBuildFile; fileRef = 15E946502CDCE27800B1D84B /* Preview Assets.xcassets */; };
		15E946572CDCE27800B1D84B /* Assets.xcassets in Resources */ = {isa = PBXBuildFile; fileRef = 15E946522CDCE27800B1D84B /* Assets.xcassets */; };
		15E946592CDCE27800B1D84B /* LoveMemoryApp.swift in Sources */ = {isa = PBXBuildFile; fileRef = 15E946542CDCE27800B1D84B /* LoveMemoryApp.swift */; };
		15E947BE2CDF12F300B1D84B /* FirebaseAuth in Frameworks */ = {isa = PBXBuildFile; productRef = 15E947BD2CDF12F300B1D84B /* FirebaseAuth */; };
		15E947C02CDF12F300B1D84B /* FirebaseDatabase in Frameworks */ = {isa = PBXBuildFile; productRef = 15E947BF2CDF12F300B1D84B /* FirebaseDatabase */; };
		15E947C22CDF12F300B1D84B /* FirebaseFirestore in Frameworks */ = {isa = PBXBuildFile; productRef = 15E947C12CDF12F300B1D84B /* FirebaseFirestore */; };
		15E947C42CDF12F300B1D84B /* FirebaseStorage in Frameworks */ = {isa = PBXBuildFile; productRef = 15E947C32CDF12F300B1D84B /* FirebaseStorage */; };
		15E947E72CE1A23D00B1D84B /* GoogleService-Info.plist in Resources */ = {isa = PBXBuildFile; fileRef = 15E947E62CE1A23D00B1D84B /* GoogleService-Info.plist */; };
		15E948472CE30F7200B1D84B /* LoginView.swift in Sources */ = {isa = PBXBuildFile; fileRef = 15E948372CE30F7200B1D84B /* LoginView.swift */; };
		15E948482CE30F7200B1D84B /* RegistrationView.swift in Sources */ = {isa = PBXBuildFile; fileRef = 15E948382CE30F7200B1D84B /* RegistrationView.swift */; };
		15E948492CE30F7200B1D84B /* BasicButton.swift in Sources */ = {isa = PBXBuildFile; fileRef = 15E9483A2CE30F7200B1D84B /* BasicButton.swift */; };
		15E9484A2CE30F7200B1D84B /* BrandImage.swift in Sources */ = {isa = PBXBuildFile; fileRef = 15E9483B2CE30F7200B1D84B /* BrandImage.swift */; };
		15E9484B2CE30F7200B1D84B /* CustomHeader.swift in Sources */ = {isa = PBXBuildFile; fileRef = 15E9483C2CE30F7200B1D84B /* CustomHeader.swift */; };
		15E9484C2CE30F7200B1D84B /* InputField.swift in Sources */ = {isa = PBXBuildFile; fileRef = 15E9483D2CE30F7200B1D84B /* InputField.swift */; };
		15E9484D2CE30F7200B1D84B /* KeyboardDismissModifier.swift in Sources */ = {isa = PBXBuildFile; fileRef = 15E9483E2CE30F7200B1D84B /* KeyboardDismissModifier.swift */; };
		15E9484E2CE30F7200B1D84B /* FriendView.swift in Sources */ = {isa = PBXBuildFile; fileRef = 15E948402CE30F7200B1D84B /* FriendView.swift */; };
		15E9484F2CE30F7200B1D84B /* ListView.swift in Sources */ = {isa = PBXBuildFile; fileRef = 15E948412CE30F7200B1D84B /* ListView.swift */; };
		15E948512CE30F7200B1D84B /* ContentView.swift in Sources */ = {isa = PBXBuildFile; fileRef = 15E948442CE30F7200B1D84B /* ContentView.swift */; };
		15E948522CE30F7200B1D84B /* TabItemsView.swift in Sources */ = {isa = PBXBuildFile; fileRef = 15E948452CE30F7200B1D84B /* TabItemsView.swift */; };
		15E948552CE3116800B1D84B /* SettingView.swift in Sources */ = {isa = PBXBuildFile; fileRef = 15E948542CE3116800B1D84B /* SettingView.swift */; };
		15E948572CE49BA300B1D84B /* MyPageSection.swift in Sources */ = {isa = PBXBuildFile; fileRef = 15E948562CE49BA300B1D84B /* MyPageSection.swift */; };
		15E9489E2CE4E11F00B1D84B /* WebUI in Frameworks */ = {isa = PBXBuildFile; productRef = 15E9489D2CE4E11F00B1D84B /* WebUI */; };
		15E948A02CE4E3FD00B1D84B /* WebSectionView.swift in Sources */ = {isa = PBXBuildFile; fileRef = 15E9489F2CE4E3FD00B1D84B /* WebSectionView.swift */; };
/* End PBXBuildFile section */

/* Begin PBXFileReference section */
		15E9463F2CDCE26D00B1D84B /* LoveMemory.app */ = {isa = PBXFileReference; explicitFileType = wrapper.application; includeInIndex = 0; path = LoveMemory.app; sourceTree = BUILT_PRODUCTS_DIR; };
		15E946502CDCE27800B1D84B /* Preview Assets.xcassets */ = {isa = PBXFileReference; lastKnownFileType = folder.assetcatalog; path = "Preview Assets.xcassets"; sourceTree = "<group>"; };
		15E946522CDCE27800B1D84B /* Assets.xcassets */ = {isa = PBXFileReference; lastKnownFileType = folder.assetcatalog; path = Assets.xcassets; sourceTree = "<group>"; };
		15E946542CDCE27800B1D84B /* LoveMemoryApp.swift */ = {isa = PBXFileReference; lastKnownFileType = sourcecode.swift; path = LoveMemoryApp.swift; sourceTree = "<group>"; };
		15E947E62CE1A23D00B1D84B /* GoogleService-Info.plist */ = {isa = PBXFileReference; lastKnownFileType = text.plist.xml; path = "GoogleService-Info.plist"; sourceTree = "<group>"; };
		15E948372CE30F7200B1D84B /* LoginView.swift */ = {isa = PBXFileReference; lastKnownFileType = sourcecode.swift; path = LoginView.swift; sourceTree = "<group>"; };
		15E948382CE30F7200B1D84B /* RegistrationView.swift */ = {isa = PBXFileReference; lastKnownFileType = sourcecode.swift; path = RegistrationView.swift; sourceTree = "<group>"; };
		15E9483A2CE30F7200B1D84B /* BasicButton.swift */ = {isa = PBXFileReference; lastKnownFileType = sourcecode.swift; path = BasicButton.swift; sourceTree = "<group>"; };
		15E9483B2CE30F7200B1D84B /* BrandImage.swift */ = {isa = PBXFileReference; lastKnownFileType = sourcecode.swift; path = BrandImage.swift; sourceTree = "<group>"; };
		15E9483C2CE30F7200B1D84B /* CustomHeader.swift */ = {isa = PBXFileReference; lastKnownFileType = sourcecode.swift; path = CustomHeader.swift; sourceTree = "<group>"; };
		15E9483D2CE30F7200B1D84B /* InputField.swift */ = {isa = PBXFileReference; lastKnownFileType = sourcecode.swift; path = InputField.swift; sourceTree = "<group>"; };
		15E9483E2CE30F7200B1D84B /* KeyboardDismissModifier.swift */ = {isa = PBXFileReference; lastKnownFileType = sourcecode.swift; path = KeyboardDismissModifier.swift; sourceTree = "<group>"; };
		15E948402CE30F7200B1D84B /* FriendView.swift */ = {isa = PBXFileReference; lastKnownFileType = sourcecode.swift; path = FriendView.swift; sourceTree = "<group>"; };
		15E948412CE30F7200B1D84B /* ListView.swift */ = {isa = PBXFileReference; lastKnownFileType = sourcecode.swift; path = ListView.swift; sourceTree = "<group>"; };
		15E948442CE30F7200B1D84B /* ContentView.swift */ = {isa = PBXFileReference; lastKnownFileType = sourcecode.swift; path = ContentView.swift; sourceTree = "<group>"; };
		15E948452CE30F7200B1D84B /* TabItemsView.swift */ = {isa = PBXFileReference; lastKnownFileType = sourcecode.swift; path = TabItemsView.swift; sourceTree = "<group>"; };
		15E948542CE3116800B1D84B /* SettingView.swift */ = {isa = PBXFileReference; lastKnownFileType = sourcecode.swift; path = SettingView.swift; sourceTree = "<group>"; };
		15E948562CE49BA300B1D84B /* MyPageSection.swift */ = {isa = PBXFileReference; lastKnownFileType = sourcecode.swift; path = MyPageSection.swift; sourceTree = "<group>"; };
		15E9489F2CE4E3FD00B1D84B /* WebSectionView.swift */ = {isa = PBXFileReference; lastKnownFileType = sourcecode.swift; path = WebSectionView.swift; sourceTree = "<group>"; };
/* End PBXFileReference section */

/* Begin PBXFileSystemSynchronizedRootGroup section */
		15E9465D2CDCE2FC00B1D84B /* Models */ = {
			isa = PBXFileSystemSynchronizedRootGroup;
			path = Models;
			sourceTree = "<group>";
		};
		15E946A22CDCE36F00B1D84B /* ViewModels */ = {
			isa = PBXFileSystemSynchronizedRootGroup;
			path = ViewModels;
			sourceTree = "<group>";
		};
		15E948532CE3114E00B1D84B /* MyPage */ = {
			isa = PBXFileSystemSynchronizedRootGroup;
			path = MyPage;
			sourceTree = "<group>";
		};
/* End PBXFileSystemSynchronizedRootGroup section */

/* Begin PBXFrameworksBuildPhase section */
		15E9463C2CDCE26D00B1D84B /* Frameworks */ = {
			isa = PBXFrameworksBuildPhase;
			buildActionMask = 2147483647;
			files = (
				15E9489E2CE4E11F00B1D84B /* WebUI in Frameworks */,
				15E947C02CDF12F300B1D84B /* FirebaseDatabase in Frameworks */,
				15E947C42CDF12F300B1D84B /* FirebaseStorage in Frameworks */,
				15E947BE2CDF12F300B1D84B /* FirebaseAuth in Frameworks */,
				15E947C22CDF12F300B1D84B /* FirebaseFirestore in Frameworks */,
			);
			runOnlyForDeploymentPostprocessing = 0;
		};
/* End PBXFrameworksBuildPhase section */

/* Begin PBXGroup section */
		15E946362CDCE26D00B1D84B = {
			isa = PBXGroup;
			children = (
				15E946552CDCE27800B1D84B /* LoveMemory */,
				15E946402CDCE26D00B1D84B /* Products */,
			);
			sourceTree = "<group>";
		};
		15E946402CDCE26D00B1D84B /* Products */ = {
			isa = PBXGroup;
			children = (
				15E9463F2CDCE26D00B1D84B /* LoveMemory.app */,
			);
			name = Products;
			sourceTree = "<group>";
		};
		15E946512CDCE27800B1D84B /* Preview Content */ = {
			isa = PBXGroup;
			children = (
				15E946502CDCE27800B1D84B /* Preview Assets.xcassets */,
			);
			path = "Preview Content";
			sourceTree = "<group>";
		};
		15E946552CDCE27800B1D84B /* LoveMemory */ = {
			isa = PBXGroup;
			children = (
				15E946542CDCE27800B1D84B /* LoveMemoryApp.swift */,
				15E9465D2CDCE2FC00B1D84B /* Models */,
				15E948462CE30F7200B1D84B /* Views */,
				15E946A22CDCE36F00B1D84B /* ViewModels */,
				15E946522CDCE27800B1D84B /* Assets.xcassets */,
				15E946512CDCE27800B1D84B /* Preview Content */,
				15E947E62CE1A23D00B1D84B /* GoogleService-Info.plist */,
			);
			path = LoveMemory;
			sourceTree = "<group>";
		};
		15E948392CE30F7200B1D84B /* Auth */ = {
			isa = PBXGroup;
			children = (
				15E948372CE30F7200B1D84B /* LoginView.swift */,
				15E948382CE30F7200B1D84B /* RegistrationView.swift */,
			);
			path = Auth;
			sourceTree = "<group>";
		};
		15E9483F2CE30F7200B1D84B /* Coponents */ = {
			isa = PBXGroup;
			children = (
				15E9483A2CE30F7200B1D84B /* BasicButton.swift */,
				15E9483B2CE30F7200B1D84B /* BrandImage.swift */,
				15E9483C2CE30F7200B1D84B /* CustomHeader.swift */,
				15E9483D2CE30F7200B1D84B /* InputField.swift */,
				15E9483E2CE30F7200B1D84B /* KeyboardDismissModifier.swift */,
				15E948562CE49BA300B1D84B /* MyPageSection.swift */,
				15E9489F2CE4E3FD00B1D84B /* WebSectionView.swift */,
			);
			path = Coponents;
			sourceTree = "<group>";
		};
		15E948432CE30F7200B1D84B /* TabItems */ = {
			isa = PBXGroup;
			children = (
				15E948402CE30F7200B1D84B /* FriendView.swift */,
				15E948412CE30F7200B1D84B /* ListView.swift */,
				15E948542CE3116800B1D84B /* SettingView.swift */,
			);
			path = TabItems;
			sourceTree = "<group>";
		};
		15E948462CE30F7200B1D84B /* Views */ = {
			isa = PBXGroup;
			children = (
				15E948442CE30F7200B1D84B /* ContentView.swift */,
				15E948452CE30F7200B1D84B /* TabItemsView.swift */,
				15E948532CE3114E00B1D84B /* MyPage */,
				15E948392CE30F7200B1D84B /* Auth */,
				15E9483F2CE30F7200B1D84B /* Coponents */,
				15E948432CE30F7200B1D84B /* TabItems */,
			);
			path = Views;
			sourceTree = "<group>";
		};
/* End PBXGroup section */

/* Begin PBXNativeTarget section */
		15E9463E2CDCE26D00B1D84B /* LoveMemory */ = {
			isa = PBXNativeTarget;
			buildConfigurationList = 15E9464D2CDCE26F00B1D84B /* Build configuration list for PBXNativeTarget "LoveMemory" */;
			buildPhases = (
				15E9463B2CDCE26D00B1D84B /* Sources */,
				15E9463C2CDCE26D00B1D84B /* Frameworks */,
				15E9463D2CDCE26D00B1D84B /* Resources */,
			);
			buildRules = (
			);
			dependencies = (
			);
			fileSystemSynchronizedGroups = (
				15E9465D2CDCE2FC00B1D84B /* Models */,
				15E946A22CDCE36F00B1D84B /* ViewModels */,
				15E948532CE3114E00B1D84B /* MyPage */,
			);
			name = LoveMemory;
			packageProductDependencies = (
				15E947BD2CDF12F300B1D84B /* FirebaseAuth */,
				15E947BF2CDF12F300B1D84B /* FirebaseDatabase */,
				15E947C12CDF12F300B1D84B /* FirebaseFirestore */,
				15E947C32CDF12F300B1D84B /* FirebaseStorage */,
				15E9489D2CE4E11F00B1D84B /* WebUI */,
			);
			productName = LoveMemory;
			productReference = 15E9463F2CDCE26D00B1D84B /* LoveMemory.app */;
			productType = "com.apple.product-type.application";
		};
/* End PBXNativeTarget section */

/* Begin PBXProject section */
		15E946372CDCE26D00B1D84B /* Project object */ = {
			isa = PBXProject;
			attributes = {
				BuildIndependentTargetsInParallel = 1;
				LastSwiftUpdateCheck = 1600;
				LastUpgradeCheck = 1600;
				TargetAttributes = {
					15E9463E2CDCE26D00B1D84B = {
						CreatedOnToolsVersion = 16.0;
					};
				};
			};
			buildConfigurationList = 15E9463A2CDCE26D00B1D84B /* Build configuration list for PBXProject "LoveMemory" */;
			developmentRegion = en;
			hasScannedForEncodings = 0;
			knownRegions = (
				en,
				Base,
			);
			mainGroup = 15E946362CDCE26D00B1D84B;
			minimizedProjectReferenceProxies = 1;
			packageReferences = (
				15E947BC2CDF12F300B1D84B /* XCRemoteSwiftPackageReference "firebase-ios-sdk" */,
				15E9489C2CE4E11F00B1D84B /* XCRemoteSwiftPackageReference "WebUI" */,
			);
			preferredProjectObjectVersion = 77;
			productRefGroup = 15E946402CDCE26D00B1D84B /* Products */;
			projectDirPath = "";
			projectRoot = "";
			targets = (
				15E9463E2CDCE26D00B1D84B /* LoveMemory */,
			);
		};
/* End PBXProject section */

/* Begin PBXResourcesBuildPhase section */
		15E9463D2CDCE26D00B1D84B /* Resources */ = {
			isa = PBXResourcesBuildPhase;
			buildActionMask = 2147483647;
			files = (
				15E946562CDCE27800B1D84B /* Preview Assets.xcassets in Resources */,
				15E947E72CE1A23D00B1D84B /* GoogleService-Info.plist in Resources */,
				15E946572CDCE27800B1D84B /* Assets.xcassets in Resources */,
			);
			runOnlyForDeploymentPostprocessing = 0;
		};
/* End PBXResourcesBuildPhase section */

/* Begin PBXSourcesBuildPhase section */
		15E9463B2CDCE26D00B1D84B /* Sources */ = {
			isa = PBXSourcesBuildPhase;
			buildActionMask = 2147483647;
			files = (
				15E948572CE49BA300B1D84B /* MyPageSection.swift in Sources */,
				15E948472CE30F7200B1D84B /* LoginView.swift in Sources */,
				15E948482CE30F7200B1D84B /* RegistrationView.swift in Sources */,
				15E948492CE30F7200B1D84B /* BasicButton.swift in Sources */,
				15E948552CE3116800B1D84B /* SettingView.swift in Sources */,
				15E9484A2CE30F7200B1D84B /* BrandImage.swift in Sources */,
				15E9484B2CE30F7200B1D84B /* CustomHeader.swift in Sources */,
				15E9484C2CE30F7200B1D84B /* InputField.swift in Sources */,
				15E9484D2CE30F7200B1D84B /* KeyboardDismissModifier.swift in Sources */,
				15E9484E2CE30F7200B1D84B /* FriendView.swift in Sources */,
				15E9484F2CE30F7200B1D84B /* ListView.swift in Sources */,
				15E948512CE30F7200B1D84B /* ContentView.swift in Sources */,
				15E948A02CE4E3FD00B1D84B /* WebSectionView.swift in Sources */,
				15E948522CE30F7200B1D84B /* TabItemsView.swift in Sources */,
				15E946592CDCE27800B1D84B /* LoveMemoryApp.swift in Sources */,
			);
			runOnlyForDeploymentPostprocessing = 0;
		};
/* End PBXSourcesBuildPhase section */

/* Begin XCBuildConfiguration section */
		15E9464B2CDCE26F00B1D84B /* Debug */ = {
			isa = XCBuildConfiguration;
			buildSettings = {
				ALWAYS_SEARCH_USER_PATHS = NO;
				ASSETCATALOG_COMPILER_GENERATE_SWIFT_ASSET_SYMBOL_EXTENSIONS = YES;
				CLANG_ANALYZER_NONNULL = YES;
				CLANG_ANALYZER_NUMBER_OBJECT_CONVERSION = YES_AGGRESSIVE;
				CLANG_CXX_LANGUAGE_STANDARD = "gnu++20";
				CLANG_ENABLE_MODULES = YES;
				CLANG_ENABLE_OBJC_ARC = YES;
				CLANG_ENABLE_OBJC_WEAK = YES;
				CLANG_WARN_BLOCK_CAPTURE_AUTORELEASING = YES;
				CLANG_WARN_BOOL_CONVERSION = YES;
				CLANG_WARN_COMMA = YES;
				CLANG_WARN_CONSTANT_CONVERSION = YES;
				CLANG_WARN_DEPRECATED_OBJC_IMPLEMENTATIONS = YES;
				CLANG_WARN_DIRECT_OBJC_ISA_USAGE = YES_ERROR;
				CLANG_WARN_DOCUMENTATION_COMMENTS = YES;
				CLANG_WARN_EMPTY_BODY = YES;
				CLANG_WARN_ENUM_CONVERSION = YES;
				CLANG_WARN_INFINITE_RECURSION = YES;
				CLANG_WARN_INT_CONVERSION = YES;
				CLANG_WARN_NON_LITERAL_NULL_CONVERSION = YES;
				CLANG_WARN_OBJC_IMPLICIT_RETAIN_SELF = YES;
				CLANG_WARN_OBJC_LITERAL_CONVERSION = YES;
				CLANG_WARN_OBJC_ROOT_CLASS = YES_ERROR;
				CLANG_WARN_QUOTED_INCLUDE_IN_FRAMEWORK_HEADER = YES;
				CLANG_WARN_RANGE_LOOP_ANALYSIS = YES;
				CLANG_WARN_STRICT_PROTOTYPES = YES;
				CLANG_WARN_SUSPICIOUS_MOVE = YES;
				CLANG_WARN_UNGUARDED_AVAILABILITY = YES_AGGRESSIVE;
				CLANG_WARN_UNREACHABLE_CODE = YES;
				CLANG_WARN__DUPLICATE_METHOD_MATCH = YES;
				COPY_PHASE_STRIP = NO;
				DEBUG_INFORMATION_FORMAT = dwarf;
				ENABLE_STRICT_OBJC_MSGSEND = YES;
				ENABLE_TESTABILITY = YES;
				ENABLE_USER_SCRIPT_SANDBOXING = YES;
				GCC_C_LANGUAGE_STANDARD = gnu17;
				GCC_DYNAMIC_NO_PIC = NO;
				GCC_NO_COMMON_BLOCKS = YES;
				GCC_OPTIMIZATION_LEVEL = 0;
				GCC_PREPROCESSOR_DEFINITIONS = (
					"DEBUG=1",
					"$(inherited)",
				);
				GCC_WARN_64_TO_32_BIT_CONVERSION = YES;
				GCC_WARN_ABOUT_RETURN_TYPE = YES_ERROR;
				GCC_WARN_UNDECLARED_SELECTOR = YES;
				GCC_WARN_UNINITIALIZED_AUTOS = YES_AGGRESSIVE;
				GCC_WARN_UNUSED_FUNCTION = YES;
				GCC_WARN_UNUSED_VARIABLE = YES;
				IPHONEOS_DEPLOYMENT_TARGET = 18.0;
				LOCALIZATION_PREFERS_STRING_CATALOGS = YES;
				MTL_ENABLE_DEBUG_INFO = INCLUDE_SOURCE;
				MTL_FAST_MATH = YES;
				ONLY_ACTIVE_ARCH = YES;
				SDKROOT = iphoneos;
				SWIFT_ACTIVE_COMPILATION_CONDITIONS = "DEBUG $(inherited)";
				SWIFT_OPTIMIZATION_LEVEL = "-Onone";
			};
			name = Debug;
		};
		15E9464C2CDCE26F00B1D84B /* Release */ = {
			isa = XCBuildConfiguration;
			buildSettings = {
				ALWAYS_SEARCH_USER_PATHS = NO;
				ASSETCATALOG_COMPILER_GENERATE_SWIFT_ASSET_SYMBOL_EXTENSIONS = YES;
				CLANG_ANALYZER_NONNULL = YES;
				CLANG_ANALYZER_NUMBER_OBJECT_CONVERSION = YES_AGGRESSIVE;
				CLANG_CXX_LANGUAGE_STANDARD = "gnu++20";
				CLANG_ENABLE_MODULES = YES;
				CLANG_ENABLE_OBJC_ARC = YES;
				CLANG_ENABLE_OBJC_WEAK = YES;
				CLANG_WARN_BLOCK_CAPTURE_AUTORELEASING = YES;
				CLANG_WARN_BOOL_CONVERSION = YES;
				CLANG_WARN_COMMA = YES;
				CLANG_WARN_CONSTANT_CONVERSION = YES;
				CLANG_WARN_DEPRECATED_OBJC_IMPLEMENTATIONS = YES;
				CLANG_WARN_DIRECT_OBJC_ISA_USAGE = YES_ERROR;
				CLANG_WARN_DOCUMENTATION_COMMENTS = YES;
				CLANG_WARN_EMPTY_BODY = YES;
				CLANG_WARN_ENUM_CONVERSION = YES;
				CLANG_WARN_INFINITE_RECURSION = YES;
				CLANG_WARN_INT_CONVERSION = YES;
				CLANG_WARN_NON_LITERAL_NULL_CONVERSION = YES;
				CLANG_WARN_OBJC_IMPLICIT_RETAIN_SELF = YES;
				CLANG_WARN_OBJC_LITERAL_CONVERSION = YES;
				CLANG_WARN_OBJC_ROOT_CLASS = YES_ERROR;
				CLANG_WARN_QUOTED_INCLUDE_IN_FRAMEWORK_HEADER = YES;
				CLANG_WARN_RANGE_LOOP_ANALYSIS = YES;
				CLANG_WARN_STRICT_PROTOTYPES = YES;
				CLANG_WARN_SUSPICIOUS_MOVE = YES;
				CLANG_WARN_UNGUARDED_AVAILABILITY = YES_AGGRESSIVE;
				CLANG_WARN_UNREACHABLE_CODE = YES;
				CLANG_WARN__DUPLICATE_METHOD_MATCH = YES;
				COPY_PHASE_STRIP = NO;
				DEBUG_INFORMATION_FORMAT = "dwarf-with-dsym";
				ENABLE_NS_ASSERTIONS = NO;
				ENABLE_STRICT_OBJC_MSGSEND = YES;
				ENABLE_USER_SCRIPT_SANDBOXING = YES;
				GCC_C_LANGUAGE_STANDARD = gnu17;
				GCC_NO_COMMON_BLOCKS = YES;
				GCC_WARN_64_TO_32_BIT_CONVERSION = YES;
				GCC_WARN_ABOUT_RETURN_TYPE = YES_ERROR;
				GCC_WARN_UNDECLARED_SELECTOR = YES;
				GCC_WARN_UNINITIALIZED_AUTOS = YES_AGGRESSIVE;
				GCC_WARN_UNUSED_FUNCTION = YES;
				GCC_WARN_UNUSED_VARIABLE = YES;
				IPHONEOS_DEPLOYMENT_TARGET = 18.0;
				LOCALIZATION_PREFERS_STRING_CATALOGS = YES;
				MTL_ENABLE_DEBUG_INFO = NO;
				MTL_FAST_MATH = YES;
				SDKROOT = iphoneos;
				SWIFT_COMPILATION_MODE = wholemodule;
				VALIDATE_PRODUCT = YES;
			};
			name = Release;
		};
		15E9464E2CDCE26F00B1D84B /* Debug */ = {
			isa = XCBuildConfiguration;
			buildSettings = {
				ASSETCATALOG_COMPILER_APPICON_NAME = AppIcon;
				ASSETCATALOG_COMPILER_GLOBAL_ACCENT_COLOR_NAME = AccentColor;
				CODE_SIGN_STYLE = Automatic;
				CURRENT_PROJECT_VERSION = 1;
				DEVELOPMENT_ASSET_PATHS = "\"LoveMemory/Preview Content\"";
				DEVELOPMENT_TEAM = 3NHYWY3V2F;
				ENABLE_PREVIEWS = YES;
				GENERATE_INFOPLIST_FILE = YES;
				INFOPLIST_KEY_UIApplicationSceneManifest_Generation = YES;
				INFOPLIST_KEY_UIApplicationSupportsIndirectInputEvents = YES;
				INFOPLIST_KEY_UILaunchScreen_Generation = YES;
				INFOPLIST_KEY_UISupportedInterfaceOrientations_iPad = "UIInterfaceOrientationPortrait UIInterfaceOrientationPortraitUpsideDown UIInterfaceOrientationLandscapeLeft UIInterfaceOrientationLandscapeRight";
				INFOPLIST_KEY_UISupportedInterfaceOrientations_iPhone = "UIInterfaceOrientationPortrait UIInterfaceOrientationLandscapeLeft UIInterfaceOrientationLandscapeRight";
				IPHONEOS_DEPLOYMENT_TARGET = 16.6;
				LD_RUNPATH_SEARCH_PATHS = (
					"$(inherited)",
					"@executable_path/Frameworks",
				);
				MARKETING_VERSION = 1.0;
				PRODUCT_BUNDLE_IDENTIFIER = com.abema.LoveMemory;
				PRODUCT_NAME = "$(TARGET_NAME)";
				SWIFT_EMIT_LOC_STRINGS = YES;
				SWIFT_VERSION = 5.0;
				TARGETED_DEVICE_FAMILY = "1,2";
			};
			name = Debug;
		};
		15E9464F2CDCE26F00B1D84B /* Release */ = {
			isa = XCBuildConfiguration;
			buildSettings = {
				ASSETCATALOG_COMPILER_APPICON_NAME = AppIcon;
				ASSETCATALOG_COMPILER_GLOBAL_ACCENT_COLOR_NAME = AccentColor;
				CODE_SIGN_STYLE = Automatic;
				CURRENT_PROJECT_VERSION = 1;
				DEVELOPMENT_ASSET_PATHS = "\"LoveMemory/Preview Content\"";
				DEVELOPMENT_TEAM = 3NHYWY3V2F;
				ENABLE_PREVIEWS = YES;
				GENERATE_INFOPLIST_FILE = YES;
				INFOPLIST_KEY_UIApplicationSceneManifest_Generation = YES;
				INFOPLIST_KEY_UIApplicationSupportsIndirectInputEvents = YES;
				INFOPLIST_KEY_UILaunchScreen_Generation = YES;
				INFOPLIST_KEY_UISupportedInterfaceOrientations_iPad = "UIInterfaceOrientationPortrait UIInterfaceOrientationPortraitUpsideDown UIInterfaceOrientationLandscapeLeft UIInterfaceOrientationLandscapeRight";
				INFOPLIST_KEY_UISupportedInterfaceOrientations_iPhone = "UIInterfaceOrientationPortrait UIInterfaceOrientationLandscapeLeft UIInterfaceOrientationLandscapeRight";
				IPHONEOS_DEPLOYMENT_TARGET = 16.6;
				LD_RUNPATH_SEARCH_PATHS = (
					"$(inherited)",
					"@executable_path/Frameworks",
				);
				MARKETING_VERSION = 1.0;
				PRODUCT_BUNDLE_IDENTIFIER = com.abema.LoveMemory;
				PRODUCT_NAME = "$(TARGET_NAME)";
				SWIFT_EMIT_LOC_STRINGS = YES;
				SWIFT_VERSION = 5.0;
				TARGETED_DEVICE_FAMILY = "1,2";
			};
			name = Release;
		};
/* End XCBuildConfiguration section */

/* Begin XCConfigurationList section */
		15E9463A2CDCE26D00B1D84B /* Build configuration list for PBXProject "LoveMemory" */ = {
			isa = XCConfigurationList;
			buildConfigurations = (
				15E9464B2CDCE26F00B1D84B /* Debug */,
				15E9464C2CDCE26F00B1D84B /* Release */,
			);
			defaultConfigurationIsVisible = 0;
			defaultConfigurationName = Release;
		};
		15E9464D2CDCE26F00B1D84B /* Build configuration list for PBXNativeTarget "LoveMemory" */ = {
			isa = XCConfigurationList;
			buildConfigurations = (
				15E9464E2CDCE26F00B1D84B /* Debug */,
				15E9464F2CDCE26F00B1D84B /* Release */,
			);
			defaultConfigurationIsVisible = 0;
			defaultConfigurationName = Release;
		};
/* End XCConfigurationList section */

/* Begin XCRemoteSwiftPackageReference section */
		15E947BC2CDF12F300B1D84B /* XCRemoteSwiftPackageReference "firebase-ios-sdk" */ = {
			isa = XCRemoteSwiftPackageReference;
			repositoryURL = "https://github.com/firebase/firebase-ios-sdk";
			requirement = {
				kind = upToNextMajorVersion;
				minimumVersion = 11.4.0;
			};
		};
		15E9489C2CE4E11F00B1D84B /* XCRemoteSwiftPackageReference "WebUI" */ = {
			isa = XCRemoteSwiftPackageReference;
			repositoryURL = "https://github.com/cybozu/WebUI.git";
			requirement = {
				kind = upToNextMajorVersion;
				minimumVersion = 2.3.0;
			};
		};
/* End XCRemoteSwiftPackageReference section */

/* Begin XCSwiftPackageProductDependency section */
		15E947BD2CDF12F300B1D84B /* FirebaseAuth */ = {
			isa = XCSwiftPackageProductDependency;
			package = 15E947BC2CDF12F300B1D84B /* XCRemoteSwiftPackageReference "firebase-ios-sdk" */;
			productName = FirebaseAuth;
		};
		15E947BF2CDF12F300B1D84B /* FirebaseDatabase */ = {
			isa = XCSwiftPackageProductDependency;
			package = 15E947BC2CDF12F300B1D84B /* XCRemoteSwiftPackageReference "firebase-ios-sdk" */;
			productName = FirebaseDatabase;
		};
		15E947C12CDF12F300B1D84B /* FirebaseFirestore */ = {
			isa = XCSwiftPackageProductDependency;
			package = 15E947BC2CDF12F300B1D84B /* XCRemoteSwiftPackageReference "firebase-ios-sdk" */;
			productName = FirebaseFirestore;
		};
		15E947C32CDF12F300B1D84B /* FirebaseStorage */ = {
			isa = XCSwiftPackageProductDependency;
			package = 15E947BC2CDF12F300B1D84B /* XCRemoteSwiftPackageReference "firebase-ios-sdk" */;
			productName = FirebaseStorage;
		};
		15E9489D2CE4E11F00B1D84B /* WebUI */ = {
			isa = XCSwiftPackageProductDependency;
			package = 15E9489C2CE4E11F00B1D84B /* XCRemoteSwiftPackageReference "WebUI" */;
			productName = WebUI;
		};
/* End XCSwiftPackageProductDependency section */
	};
	rootObject = 15E946372CDCE26D00B1D84B /* Project object */;
}
